
Microsoft Visual Studio Solution File, Format Version 12.00
# Visual Studio 15
VisualStudioVersion = 15.0.26124.0
MinimumVisualStudioVersion = 15.0.26124.0
Project("{2150E333-8FDC-42A3-9474-1A3956D46DE8}") = "src", "src", "{9A5680D0-90BD-4F08-9FCB-E43412FD433D}"
EndProject
Project("{FAE04EC0-301F-11D3-BF4B-00C04F79EFBC}") = "jmbde", "src\jmbde\jmbde.csproj", "{51C80F13-0E21-4FE2-8A67-ED38F201739C}"
EndProject
Project("{FAE04EC0-301F-11D3-BF4B-00C04F79EFBC}") = "jmbde.Tests", "tests\jmbde.Tests\jmbde.Tests.csproj", "{A48225A0-70DE-4A27-827D-90906AD26D50}"
EndProject
Project("{FAE04EC0-301F-11D3-BF4B-00C04F79EFBC}") = "jmbde.Data", "src\jmbde.Data\jmbde.Data.csproj", "{015A8CED-EE09-4730-B7AB-EBA0B81B457E}"
EndProject
Global
	GlobalSection(SolutionConfigurationPlatforms) = preSolution
		Debug|Any CPU = Debug|Any CPU
		Debug|x64 = Debug|x64
		Debug|x86 = Debug|x86
		Release|Any CPU = Release|Any CPU
		Release|x64 = Release|x64
		Release|x86 = Release|x86
	EndGlobalSection
	GlobalSection(SolutionProperties) = preSolution
		HideSolutionNode = FALSE
	EndGlobalSection
	GlobalSection(ProjectConfigurationPlatforms) = postSolution
		{51C80F13-0E21-4FE2-8A67-ED38F201739C}.Debug|Any CPU.ActiveCfg = Debug|Any CPU
		{51C80F13-0E21-4FE2-8A67-ED38F201739C}.Debug|Any CPU.Build.0 = Debug|Any CPU
		{51C80F13-0E21-4FE2-8A67-ED38F201739C}.Debug|x64.ActiveCfg = Debug|Any CPU
		{51C80F13-0E21-4FE2-8A67-ED38F201739C}.Debug|x64.Build.0 = Debug|Any CPU
		{51C80F13-0E21-4FE2-8A67-ED38F201739C}.Debug|x86.ActiveCfg = Debug|Any CPU
		{51C80F13-0E21-4FE2-8A67-ED38F201739C}.Debug|x86.Build.0 = Debug|Any CPU
		{51C80F13-0E21-4FE2-8A67-ED38F201739C}.Release|Any CPU.ActiveCfg = Release|Any CPU
		{51C80F13-0E21-4FE2-8A67-ED38F201739C}.Release|Any CPU.Build.0 = Release|Any CPU
		{51C80F13-0E21-4FE2-8A67-ED38F201739C}.Release|x64.ActiveCfg = Release|Any CPU
		{51C80F13-0E21-4FE2-8A67-ED38F201739C}.Release|x64.Build.0 = Release|Any CPU
		{51C80F13-0E21-4FE2-8A67-ED38F201739C}.Release|x86.ActiveCfg = Release|Any CPU
		{51C80F13-0E21-4FE2-8A67-ED38F201739C}.Release|x86.Build.0 = Release|Any CPU
		{A48225A0-70DE-4A27-827D-90906AD26D50}.Debug|Any CPU.ActiveCfg = Debug|Any CPU
		{A48225A0-70DE-4A27-827D-90906AD26D50}.Debug|Any CPU.Build.0 = Debug|Any CPU
		{A48225A0-70DE-4A27-827D-90906AD26D50}.Debug|x64.ActiveCfg = Debug|Any CPU
		{A48225A0-70DE-4A27-827D-90906AD26D50}.Debug|x64.Build.0 = Debug|Any CPU
		{A48225A0-70DE-4A27-827D-90906AD26D50}.Debug|x86.ActiveCfg = Debug|Any CPU
		{A48225A0-70DE-4A27-827D-90906AD26D50}.Debug|x86.Build.0 = Debug|Any CPU
		{A48225A0-70DE-4A27-827D-90906AD26D50}.Release|Any CPU.ActiveCfg = Release|Any CPU
		{A48225A0-70DE-4A27-827D-90906AD26D50}.Release|Any CPU.Build.0 = Release|Any CPU
		{A48225A0-70DE-4A27-827D-90906AD26D50}.Release|x64.ActiveCfg = Release|Any CPU
		{A48225A0-70DE-4A27-827D-90906AD26D50}.Release|x64.Build.0 = Release|Any CPU
		{A48225A0-70DE-4A27-827D-90906AD26D50}.Release|x86.ActiveCfg = Release|Any CPU
		{A48225A0-70DE-4A27-827D-90906AD26D50}.Release|x86.Build.0 = Release|Any CPU
		{365B67E6-94EB-4AD6-BCEB-E35A593E8DE6}.Debug|Any CPU.ActiveCfg = Debug|Any CPU
		{365B67E6-94EB-4AD6-BCEB-E35A593E8DE6}.Debug|Any CPU.Build.0 = Debug|Any CPU
		{365B67E6-94EB-4AD6-BCEB-E35A593E8DE6}.Debug|x64.ActiveCfg = Debug|Any CPU
		{365B67E6-94EB-4AD6-BCEB-E35A593E8DE6}.Debug|x64.Build.0 = Debug|Any CPU
		{365B67E6-94EB-4AD6-BCEB-E35A593E8DE6}.Debug|x86.ActiveCfg = Debug|Any CPU
		{365B67E6-94EB-4AD6-BCEB-E35A593E8DE6}.Debug|x86.Build.0 = Debug|Any CPU
		{365B67E6-94EB-4AD6-BCEB-E35A593E8DE6}.Release|Any CPU.ActiveCfg = Release|Any CPU
		{365B67E6-94EB-4AD6-BCEB-E35A593E8DE6}.Release|Any CPU.Build.0 = Release|Any CPU
		{365B67E6-94EB-4AD6-BCEB-E35A593E8DE6}.Release|x64.ActiveCfg = Release|Any CPU
		{365B67E6-94EB-4AD6-BCEB-E35A593E8DE6}.Release|x64.Build.0 = Release|Any CPU
		{365B67E6-94EB-4AD6-BCEB-E35A593E8DE6}.Release|x86.ActiveCfg = Release|Any CPU
		{365B67E6-94EB-4AD6-BCEB-E35A593E8DE6}.Release|x86.Build.0 = Release|Any CPU
		{015A8CED-EE09-4730-B7AB-EBA0B81B457E}.Debug|Any CPU.ActiveCfg = Debug|Any CPU
		{015A8CED-EE09-4730-B7AB-EBA0B81B457E}.Debug|Any CPU.Build.0 = Debug|Any CPU
		{015A8CED-EE09-4730-B7AB-EBA0B81B457E}.Debug|x64.ActiveCfg = Debug|Any CPU
		{015A8CED-EE09-4730-B7AB-EBA0B81B457E}.Debug|x64.Build.0 = Debug|Any CPU
		{015A8CED-EE09-4730-B7AB-EBA0B81B457E}.Debug|x86.ActiveCfg = Debug|Any CPU
		{015A8CED-EE09-4730-B7AB-EBA0B81B457E}.Debug|x86.Build.0 = Debug|Any CPU
		{015A8CED-EE09-4730-B7AB-EBA0B81B457E}.Release|Any CPU.ActiveCfg = Release|Any CPU
		{015A8CED-EE09-4730-B7AB-EBA0B81B457E}.Release|Any CPU.Build.0 = Release|Any CPU
		{015A8CED-EE09-4730-B7AB-EBA0B81B457E}.Release|x64.ActiveCfg = Release|Any CPU
		{015A8CED-EE09-4730-B7AB-EBA0B81B457E}.Release|x64.Build.0 = Release|Any CPU
		{015A8CED-EE09-4730-B7AB-EBA0B81B457E}.Release|x86.ActiveCfg = Release|Any CPU
		{015A8CED-EE09-4730-B7AB-EBA0B81B457E}.Release|x86.Build.0 = Release|Any CPU
	EndGlobalSection
	GlobalSection(NestedProjects) = preSolution
		{51C80F13-0E21-4FE2-8A67-ED38F201739C} = {9A5680D0-90BD-4F08-9FCB-E43412FD433D}
		{015A8CED-EE09-4730-B7AB-EBA0B81B457E} = {9A5680D0-90BD-4F08-9FCB-E43412FD433D}
	EndGlobalSection
	GlobalSection(MonoDevelopProperties) = preSolution
		Policies = $0
		$0.VersionControlPolicy = $1
		version = 0.5.0
	EndGlobalSection
EndGlobal
