
Microsoft Visual Studio Solution File, Format Version 12.00
# Visual Studio 2012
Project("{2150E333-8FDC-42A3-9474-1A3956D46DE8}") = "src", "src", "{64FB593B-8802-4F2C-A521-F65F7EE94971}"
EndProject
Project("{FAE04EC0-301F-11D3-BF4B-00C04F79EFBC}") = "jmbde", "src\jmbde\jmbde.csproj", "{700B99CC-5767-4B67-BE9C-06ED7F535F60}"
EndProject
Global
	GlobalSection(SolutionConfigurationPlatforms) = preSolution
		Debug|Any CPU = Debug|Any CPU
		Release|Any CPU = Release|Any CPU
	EndGlobalSection
	GlobalSection(ProjectConfigurationPlatforms) = postSolution
		{700B99CC-5767-4B67-BE9C-06ED7F535F60}.Debug|Any CPU.ActiveCfg = Debug|Any CPU
		{700B99CC-5767-4B67-BE9C-06ED7F535F60}.Debug|Any CPU.Build.0 = Debug|Any CPU
		{700B99CC-5767-4B67-BE9C-06ED7F535F60}.Release|Any CPU.ActiveCfg = Release|Any CPU
		{700B99CC-5767-4B67-BE9C-06ED7F535F60}.Release|Any CPU.Build.0 = Release|Any CPU
	EndGlobalSection
	GlobalSection(NestedProjects) = preSolution
		{700B99CC-5767-4B67-BE9C-06ED7F535F60} = {64FB593B-8802-4F2C-A521-F65F7EE94971}
	EndGlobalSection
EndGlobal
