
Microsoft Visual Studio Solution File, Format Version 12.00
# Visual Studio 2017
Project("{FAE04EC0-301F-11D3-BF4B-00C04F79EFBC}") = "jmbde", "jmbde.csproj", "{9B17E92E-05F1-475D-85EA-919893B4DA86}"
EndProject
Project("{FAE04EC0-301F-11D3-BF4B-00C04F79EFBC}") = "jmbde.Tests", "jmbde.Tests\jmbde.Tests.csproj", "{92653777-DF2F-451E-B13D-F901E0FD5C80}"
EndProject
Global
	GlobalSection(SolutionConfigurationPlatforms) = preSolution
		Debug|Any CPU = Debug|Any CPU
		Release|Any CPU = Release|Any CPU
	EndGlobalSection
	GlobalSection(ProjectConfigurationPlatforms) = postSolution
		{9B17E92E-05F1-475D-85EA-919893B4DA86}.Debug|Any CPU.ActiveCfg = Debug|Any CPU
		{9B17E92E-05F1-475D-85EA-919893B4DA86}.Debug|Any CPU.Build.0 = Debug|Any CPU
		{9B17E92E-05F1-475D-85EA-919893B4DA86}.Release|Any CPU.ActiveCfg = Release|Any CPU
		{9B17E92E-05F1-475D-85EA-919893B4DA86}.Release|Any CPU.Build.0 = Release|Any CPU
	EndGlobalSection
EndGlobal
